github.com/lascyb/tagkit v0.0.5 h1:TtUWNzYg6G4iFrq5reqYkQtZiEylQCy3c5/j7wAOkn0=
github.com/lascyb/tagkit v0.0.5/go.mod h1:eLPuwotIOh0q+/L4EExHsgRMdQ2+ruS2gliz0OrKvHs=
github.com/lascyb/tagkit v0.0.6 h1:UKLk9001cyhibkA5SYz2WEk87vj5sV1BJIov4Jac/68=
github.com/lascyb/tagkit v0.0.6/go.mod h1:eLPuwotIOh0q+/L4EExHsgRMdQ2+ruS2gliz0OrKvHs=
