github.com/lascyb/tagkit v1.0.3 h1:g8DTCIne8Zx3UXCrOOS5bxCNhDyNXJZMZOYNGRJ71bM=
github.com/lascyb/tagkit v1.0.3/go.mod h1:hs/s+12VlX3JnkLtl3RTaUKtm2PY+jaEBdykvzDUM/M=
github.com/lascyb/tagkit v1.0.5 h1:6/B+/EBZaRuDeZve54iw8Tx+NdT7lMGx7UlWVfNWYR4=
github.com/lascyb/tagkit v1.0.5/go.mod h1:hs/s+12VlX3JnkLtl3RTaUKtm2PY+jaEBdykvzDUM/M=
github.com/shopspring/decimal v1.4.0 h1:bxl37RwXBklmTi0C79JfXCEBD1cqqHt0bbgBAGFp81k=
github.com/shopspring/decimal v1.4.0/go.mod h1:gawqmDU56v4yIKSwfBSFip1HdCCXN8/+DMd9qYNcwME=
